// !$*UTF8*$!
{
	archiveVersion = 1;
	classes = {
	};
	objectVersion = 46;
	objects = {

/* Begin PBXBuildFile section */
		773A53851E1F241400EA4A0A /* AppDelegate.swift in Sources */ = {isa = PBXBuildFile; fileRef = 773A53841E1F241400EA4A0A /* AppDelegate.swift */; };
		773A53871E1F241400EA4A0A /* ViewController.swift in Sources */ = {isa = PBXBuildFile; fileRef = 773A53861E1F241400EA4A0A /* ViewController.swift */; };
		773A538A1E1F241400EA4A0A /* Main.storyboard in Resources */ = {isa = PBXBuildFile; fileRef = 773A53881E1F241400EA4A0A /* Main.storyboard */; };
		773A538C1E1F241400EA4A0A /* Assets.xcassets in Resources */ = {isa = PBXBuildFile; fileRef = 773A538B1E1F241400EA4A0A /* Assets.xcassets */; };
		773A538F1E1F241400EA4A0A /* LaunchScreen.storyboard in Resources */ = {isa = PBXBuildFile; fileRef = 773A538D1E1F241400EA4A0A /* LaunchScreen.storyboard */; };
		773A53971E1F4C8700EA4A0A /* gameVC.swift in Sources */ = {isa = PBXBuildFile; fileRef = 773A53961E1F4C8700EA4A0A /* gameVC.swift */; };
		774B61C21E21BD0E00F2E403 /* CategoryTitleCellCollectionViewCell.swift in Sources */ = {isa = PBXBuildFile; fileRef = 774B61C11E21BD0E00F2E403 /* CategoryTitleCellCollectionViewCell.swift */; };
		774B61C41E21C30200F2E403 /* questionButtonCell.swift in Sources */ = {isa = PBXBuildFile; fileRef = 774B61C31E21C30200F2E403 /* questionButtonCell.swift */; };
		774B61C61E21DA8F00F2E403 /* questionVCViewController.swift in Sources */ = {isa = PBXBuildFile; fileRef = 774B61C51E21DA8F00F2E403 /* questionVCViewController.swift */; };
		774B61D31E223C4E00F2E403 /* indexString.swift in Sources */ = {isa = PBXBuildFile; fileRef = 774B61D21E223C4E00F2E403 /* indexString.swift */; };
		774B61D51E23374300F2E403 /* ResultViewController.swift in Sources */ = {isa = PBXBuildFile; fileRef = 774B61D41E23374300F2E403 /* ResultViewController.swift */; };
		774B61D71E23F3D700F2E403 /* ScrapeGameVC.swift in Sources */ = {isa = PBXBuildFile; fileRef = 774B61D61E23F3D700F2E403 /* ScrapeGameVC.swift */; };
		777781AE1E275F950030ACD1 /* GoogleService-Info.plist in Resources */ = {isa = PBXBuildFile; fileRef = 777781AD1E275F950030ACD1 /* GoogleService-Info.plist */; };
		777781B01E2764F60030ACD1 /* UsernameViewController.swift in Sources */ = {isa = PBXBuildFile; fileRef = 777781AF1E2764F60030ACD1 /* UsernameViewController.swift */; };
		777781B21E2767860030ACD1 /* Player.swift in Sources */ = {isa = PBXBuildFile; fileRef = 777781B11E2767860030ACD1 /* Player.swift */; };
		B01AE62EF82E214FFD8A22CE /* Pods_JeopardyParse_Play.framework in Frameworks */ = {isa = PBXBuildFile; fileRef = 0523C36646C81486A7504B2A /* Pods_JeopardyParse_Play.framework */; };
/* End PBXBuildFile section */

/* Begin PBXFileReference section */
		0523C36646C81486A7504B2A /* Pods_JeopardyParse_Play.framework */ = {isa = PBXFileReference; explicitFileType = wrapper.framework; includeInIndex = 0; path = Pods_JeopardyParse_Play.framework; sourceTree = BUILT_PRODUCTS_DIR; };
		3B5E48D7F52E0FE2667AE6CD /* Pods-JeopardyParse&Play.release.xcconfig */ = {isa = PBXFileReference; includeInIndex = 1; lastKnownFileType = text.xcconfig; name = "Pods-JeopardyParse&Play.release.xcconfig"; path = "Pods/Target Support Files/Pods-JeopardyParse&Play/Pods-JeopardyParse&Play.release.xcconfig"; sourceTree = "<group>"; };
		5843E66C15C24FA1A31E2F1C /* Pods-JeopardyParse&Play.debug.xcconfig */ = {isa = PBXFileReference; includeInIndex = 1; lastKnownFileType = text.xcconfig; name = "Pods-JeopardyParse&Play.debug.xcconfig"; path = "Pods/Target Support Files/Pods-JeopardyParse&Play/Pods-JeopardyParse&Play.debug.xcconfig"; sourceTree = "<group>"; };
		773A53811E1F241400EA4A0A /* JeopardyParse&Play.app */ = {isa = PBXFileReference; explicitFileType = wrapper.application; includeInIndex = 0; path = "JeopardyParse&Play.app"; sourceTree = BUILT_PRODUCTS_DIR; };
		773A53841E1F241400EA4A0A /* AppDelegate.swift */ = {isa = PBXFileReference; lastKnownFileType = sourcecode.swift; path = AppDelegate.swift; sourceTree = "<group>"; };
		773A53861E1F241400EA4A0A /* ViewController.swift */ = {isa = PBXFileReference; lastKnownFileType = sourcecode.swift; path = ViewController.swift; sourceTree = "<group>"; };
		773A53891E1F241400EA4A0A /* Base */ = {isa = PBXFileReference; lastKnownFileType = file.storyboard; name = Base; path = Base.lproj/Main.storyboard; sourceTree = "<group>"; };
		773A538B1E1F241400EA4A0A /* Assets.xcassets */ = {isa = PBXFileReference; lastKnownFileType = folder.assetcatalog; path = Assets.xcassets; sourceTree = "<group>"; };
		773A538E1E1F241400EA4A0A /* Base */ = {isa = PBXFileReference; lastKnownFileType = file.storyboard; name = Base; path = Base.lproj/LaunchScreen.storyboard; sourceTree = "<group>"; };
		773A53901E1F241400EA4A0A /* Info.plist */ = {isa = PBXFileReference; lastKnownFileType = text.plist.xml; path = Info.plist; sourceTree = "<group>"; };
		773A53961E1F4C8700EA4A0A /* gameVC.swift */ = {isa = PBXFileReference; fileEncoding = 4; lastKnownFileType = sourcecode.swift; path = gameVC.swift; sourceTree = "<group>"; };
		774B61C11E21BD0E00F2E403 /* CategoryTitleCellCollectionViewCell.swift */ = {isa = PBXFileReference; fileEncoding = 4; lastKnownFileType = sourcecode.swift; path = CategoryTitleCellCollectionViewCell.swift; sourceTree = "<group>"; };
		774B61C31E21C30200F2E403 /* questionButtonCell.swift */ = {isa = PBXFileReference; fileEncoding = 4; lastKnownFileType = sourcecode.swift; path = questionButtonCell.swift; sourceTree = "<group>"; };
		774B61C51E21DA8F00F2E403 /* questionVCViewController.swift */ = {isa = PBXFileReference; fileEncoding = 4; lastKnownFileType = sourcecode.swift; path = questionVCViewController.swift; sourceTree = "<group>"; };
		774B61D21E223C4E00F2E403 /* indexString.swift */ = {isa = PBXFileReference; fileEncoding = 4; lastKnownFileType = sourcecode.swift; path = indexString.swift; sourceTree = "<group>"; };
		774B61D41E23374300F2E403 /* ResultViewController.swift */ = {isa = PBXFileReference; fileEncoding = 4; lastKnownFileType = sourcecode.swift; path = ResultViewController.swift; sourceTree = "<group>"; };
		774B61D61E23F3D700F2E403 /* ScrapeGameVC.swift */ = {isa = PBXFileReference; fileEncoding = 4; lastKnownFileType = sourcecode.swift; path = ScrapeGameVC.swift; sourceTree = "<group>"; };
		777781AD1E275F950030ACD1 /* GoogleService-Info.plist */ = {isa = PBXFileReference; fileEncoding = 4; lastKnownFileType = text.plist.xml; path = "GoogleService-Info.plist"; sourceTree = "<group>"; };
		777781AF1E2764F60030ACD1 /* UsernameViewController.swift */ = {isa = PBXFileReference; fileEncoding = 4; lastKnownFileType = sourcecode.swift; path = UsernameViewController.swift; sourceTree = "<group>"; };
		777781B11E2767860030ACD1 /* Player.swift */ = {isa = PBXFileReference; fileEncoding = 4; lastKnownFileType = sourcecode.swift; path = Player.swift; sourceTree = "<group>"; };
/* End PBXFileReference section */

/* Begin PBXFrameworksBuildPhase section */
		773A537E1E1F241400EA4A0A /* Frameworks */ = {
			isa = PBXFrameworksBuildPhase;
			buildActionMask = 2147483647;
			files = (
				B01AE62EF82E214FFD8A22CE /* Pods_JeopardyParse_Play.framework in Frameworks */,
			);
			runOnlyForDeploymentPostprocessing = 0;
		};
/* End PBXFrameworksBuildPhase section */

/* Begin PBXGroup section */
		773A53781E1F241400EA4A0A = {
			isa = PBXGroup;
			children = (
				773A53831E1F241400EA4A0A /* JeopardyParse&Play */,
				773A53821E1F241400EA4A0A /* Products */,
				9283E5BD4DEA2460C92D5A0D /* Pods */,
				A5608D623FD896866E038C23 /* Frameworks */,
			);
			sourceTree = "<group>";
		};
		773A53821E1F241400EA4A0A /* Products */ = {
			isa = PBXGroup;
			children = (
				773A53811E1F241400EA4A0A /* JeopardyParse&Play.app */,
			);
			name = Products;
			sourceTree = "<group>";
		};
		773A53831E1F241400EA4A0A /* JeopardyParse&Play */ = {
			isa = PBXGroup;
			children = (
				777781AD1E275F950030ACD1 /* GoogleService-Info.plist */,
				773A53841E1F241400EA4A0A /* AppDelegate.swift */,
				773A53861E1F241400EA4A0A /* ViewController.swift */,
				777781AF1E2764F60030ACD1 /* UsernameViewController.swift */,
				777781B11E2767860030ACD1 /* Player.swift */,
				774B61D61E23F3D700F2E403 /* ScrapeGameVC.swift */,
				773A53961E1F4C8700EA4A0A /* gameVC.swift */,
				774B61C51E21DA8F00F2E403 /* questionVCViewController.swift */,
				774B61D41E23374300F2E403 /* ResultViewController.swift */,
				773A53881E1F241400EA4A0A /* Main.storyboard */,
				774B61C11E21BD0E00F2E403 /* CategoryTitleCellCollectionViewCell.swift */,
				774B61C31E21C30200F2E403 /* questionButtonCell.swift */,
				774B61D21E223C4E00F2E403 /* indexString.swift */,
				773A538B1E1F241400EA4A0A /* Assets.xcassets */,
				773A538D1E1F241400EA4A0A /* LaunchScreen.storyboard */,
				773A53901E1F241400EA4A0A /* Info.plist */,
			);
			path = "JeopardyParse&Play";
			sourceTree = "<group>";
		};
		9283E5BD4DEA2460C92D5A0D /* Pods */ = {
			isa = PBXGroup;
			children = (
				5843E66C15C24FA1A31E2F1C /* Pods-JeopardyParse&Play.debug.xcconfig */,
				3B5E48D7F52E0FE2667AE6CD /* Pods-JeopardyParse&Play.release.xcconfig */,
			);
			name = Pods;
			sourceTree = "<group>";
		};
		A5608D623FD896866E038C23 /* Frameworks */ = {
			isa = PBXGroup;
			children = (
				0523C36646C81486A7504B2A /* Pods_JeopardyParse_Play.framework */,
			);
			name = Frameworks;
			sourceTree = "<group>";
		};
/* End PBXGroup section */

/* Begin PBXNativeTarget section */
		773A53801E1F241400EA4A0A /* JeopardyParse&Play */ = {
			isa = PBXNativeTarget;
			buildConfigurationList = 773A53931E1F241400EA4A0A /* Build configuration list for PBXNativeTarget "JeopardyParse&Play" */;
			buildPhases = (
				88A0387D6B9995DD74E37DD0 /* [CP] Check Pods Manifest.lock */,
				773A537D1E1F241400EA4A0A /* Sources */,
				773A537E1E1F241400EA4A0A /* Frameworks */,
				773A537F1E1F241400EA4A0A /* Resources */,
				42E87F423A8A9D237B865799 /* [CP] Embed Pods Frameworks */,
				3CB3CBE3E812F71130D71A29 /* [CP] Copy Pods Resources */,
			);
			buildRules = (
			);
			dependencies = (
			);
			name = "JeopardyParse&Play";
			productName = "JeopardyParse&Play";
			productReference = 773A53811E1F241400EA4A0A /* JeopardyParse&Play.app */;
			productType = "com.apple.product-type.application";
		};
/* End PBXNativeTarget section */

/* Begin PBXProject section */
		773A53791E1F241400EA4A0A /* Project object */ = {
			isa = PBXProject;
			attributes = {
				LastSwiftUpdateCheck = 0820;
				LastUpgradeCheck = 0820;
				ORGANIZATIONNAME = AshwinVivek;
				TargetAttributes = {
					773A53801E1F241400EA4A0A = {
						CreatedOnToolsVersion = 8.2.1;
						DevelopmentTeam = 4QVR4U55S7;
						ProvisioningStyle = Automatic;
					};
				};
			};
			buildConfigurationList = 773A537C1E1F241400EA4A0A /* Build configuration list for PBXProject "JeopardyParse&Play" */;
			compatibilityVersion = "Xcode 3.2";
			developmentRegion = English;
			hasScannedForEncodings = 0;
			knownRegions = (
				en,
				Base,
			);
			mainGroup = 773A53781E1F241400EA4A0A;
			productRefGroup = 773A53821E1F241400EA4A0A /* Products */;
			projectDirPath = "";
			projectRoot = "";
			targets = (
				773A53801E1F241400EA4A0A /* JeopardyParse&Play */,
			);
		};
/* End PBXProject section */

/* Begin PBXResourcesBuildPhase section */
		773A537F1E1F241400EA4A0A /* Resources */ = {
			isa = PBXResourcesBuildPhase;
			buildActionMask = 2147483647;
			files = (
				777781AE1E275F950030ACD1 /* GoogleService-Info.plist in Resources */,
				773A538F1E1F241400EA4A0A /* LaunchScreen.storyboard in Resources */,
				773A538C1E1F241400EA4A0A /* Assets.xcassets in Resources */,
				773A538A1E1F241400EA4A0A /* Main.storyboard in Resources */,
			);
			runOnlyForDeploymentPostprocessing = 0;
		};
/* End PBXResourcesBuildPhase section */

/* Begin PBXShellScriptBuildPhase section */
		3CB3CBE3E812F71130D71A29 /* [CP] Copy Pods Resources */ = {
			isa = PBXShellScriptBuildPhase;
			buildActionMask = 2147483647;
			files = (
			);
			inputPaths = (
			);
			name = "[CP] Copy Pods Resources";
			outputPaths = (
			);
			runOnlyForDeploymentPostprocessing = 0;
			shellPath = /bin/sh;
			shellScript = "\"${SRCROOT}/Pods/Target Support Files/Pods-JeopardyParse&Play/Pods-JeopardyParse&Play-resources.sh\"\n";
			showEnvVarsInLog = 0;
		};
		42E87F423A8A9D237B865799 /* [CP] Embed Pods Frameworks */ = {
			isa = PBXShellScriptBuildPhase;
			buildActionMask = 2147483647;
			files = (
			);
			inputPaths = (
			);
			name = "[CP] Embed Pods Frameworks";
			outputPaths = (
			);
			runOnlyForDeploymentPostprocessing = 0;
			shellPath = /bin/sh;
			shellScript = "\"${SRCROOT}/Pods/Target Support Files/Pods-JeopardyParse&Play/Pods-JeopardyParse&Play-frameworks.sh\"\n";
			showEnvVarsInLog = 0;
		};
		88A0387D6B9995DD74E37DD0 /* [CP] Check Pods Manifest.lock */ = {
			isa = PBXShellScriptBuildPhase;
			buildActionMask = 2147483647;
			files = (
			);
			inputPaths = (
			);
			name = "[CP] Check Pods Manifest.lock";
			outputPaths = (
			);
			runOnlyForDeploymentPostprocessing = 0;
			shellPath = /bin/sh;
			shellScript = "diff \"${PODS_ROOT}/../Podfile.lock\" \"${PODS_ROOT}/Manifest.lock\" > /dev/null\nif [ $? != 0 ] ; then\n    # print error to STDERR\n    echo \"error: The sandbox is not in sync with the Podfile.lock. Run 'pod install' or update your CocoaPods installation.\" >&2\n    exit 1\nfi\n";
			showEnvVarsInLog = 0;
		};
/* End PBXShellScriptBuildPhase section */

/* Begin PBXSourcesBuildPhase section */
		773A537D1E1F241400EA4A0A /* Sources */ = {
			isa = PBXSourcesBuildPhase;
			buildActionMask = 2147483647;
			files = (
				777781B21E2767860030ACD1 /* Player.swift in Sources */,
				777781B01E2764F60030ACD1 /* UsernameViewController.swift in Sources */,
				773A53871E1F241400EA4A0A /* ViewController.swift in Sources */,
				774B61D31E223C4E00F2E403 /* indexString.swift in Sources */,
				773A53851E1F241400EA4A0A /* AppDelegate.swift in Sources */,
				774B61D51E23374300F2E403 /* ResultViewController.swift in Sources */,
				773A53971E1F4C8700EA4A0A /* gameVC.swift in Sources */,
				774B61C41E21C30200F2E403 /* questionButtonCell.swift in Sources */,
				774B61C21E21BD0E00F2E403 /* CategoryTitleCellCollectionViewCell.swift in Sources */,
				774B61C61E21DA8F00F2E403 /* questionVCViewController.swift in Sources */,
				774B61D71E23F3D700F2E403 /* ScrapeGameVC.swift in Sources */,
			);
			runOnlyForDeploymentPostprocessing = 0;
		};
/* End PBXSourcesBuildPhase section */

/* Begin PBXVariantGroup section */
		773A53881E1F241400EA4A0A /* Main.storyboard */ = {
			isa = PBXVariantGroup;
			children = (
				773A53891E1F241400EA4A0A /* Base */,
			);
			name = Main.storyboard;
			sourceTree = "<group>";
		};
		773A538D1E1F241400EA4A0A /* LaunchScreen.storyboard */ = {
			isa = PBXVariantGroup;
			children = (
				773A538E1E1F241400EA4A0A /* Base */,
			);
			name = LaunchScreen.storyboard;
			sourceTree = "<group>";
		};
/* End PBXVariantGroup section */

/* Begin XCBuildConfiguration section */
		773A53911E1F241400EA4A0A /* Debug */ = {
			isa = XCBuildConfiguration;
			buildSettings = {
				ALWAYS_SEARCH_USER_PATHS = NO;
				CLANG_ANALYZER_NONNULL = YES;
				CLANG_CXX_LANGUAGE_STANDARD = "gnu++0x";
				CLANG_CXX_LIBRARY = "libc++";
				CLANG_ENABLE_MODULES = YES;
				CLANG_ENABLE_OBJC_ARC = YES;
				CLANG_WARN_BOOL_CONVERSION = YES;
				CLANG_WARN_CONSTANT_CONVERSION = YES;
				CLANG_WARN_DIRECT_OBJC_ISA_USAGE = YES_ERROR;
				CLANG_WARN_DOCUMENTATION_COMMENTS = YES;
				CLANG_WARN_EMPTY_BODY = YES;
				CLANG_WARN_ENUM_CONVERSION = YES;
				CLANG_WARN_INFINITE_RECURSION = YES;
				CLANG_WARN_INT_CONVERSION = YES;
				CLANG_WARN_OBJC_ROOT_CLASS = YES_ERROR;
				CLANG_WARN_SUSPICIOUS_MOVE = YES;
				CLANG_WARN_UNREACHABLE_CODE = YES;
				CLANG_WARN__DUPLICATE_METHOD_MATCH = YES;
				"CODE_SIGN_IDENTITY[sdk=iphoneos*]" = "iPhone Developer";
				COPY_PHASE_STRIP = NO;
				DEBUG_INFORMATION_FORMAT = dwarf;
				ENABLE_STRICT_OBJC_MSGSEND = YES;
				ENABLE_TESTABILITY = YES;
				GCC_C_LANGUAGE_STANDARD = gnu99;
				GCC_DYNAMIC_NO_PIC = NO;
				GCC_NO_COMMON_BLOCKS = YES;
				GCC_OPTIMIZATION_LEVEL = 0;
				GCC_PREPROCESSOR_DEFINITIONS = (
					"DEBUG=1",
					"$(inherited)",
				);
				GCC_WARN_64_TO_32_BIT_CONVERSION = YES;
				GCC_WARN_ABOUT_RETURN_TYPE = YES_ERROR;
				GCC_WARN_UNDECLARED_SELECTOR = YES;
				GCC_WARN_UNINITIALIZED_AUTOS = YES_AGGRESSIVE;
				GCC_WARN_UNUSED_FUNCTION = YES;
				GCC_WARN_UNUSED_VARIABLE = YES;
				IPHONEOS_DEPLOYMENT_TARGET = 10.2;
				MTL_ENABLE_DEBUG_INFO = YES;
				ONLY_ACTIVE_ARCH = YES;
				SDKROOT = iphoneos;
				SWIFT_ACTIVE_COMPILATION_CONDITIONS = DEBUG;
				SWIFT_OPTIMIZATION_LEVEL = "-Onone";
			};
			name = Debug;
		};
		773A53921E1F241400EA4A0A /* Release */ = {
			isa = XCBuildConfiguration;
			buildSettings = {
				ALWAYS_SEARCH_USER_PATHS = NO;
				CLANG_ANALYZER_NONNULL = YES;
				CLANG_CXX_LANGUAGE_STANDARD = "gnu++0x";
				CLANG_CXX_LIBRARY = "libc++";
				CLANG_ENABLE_MODULES = YES;
				CLANG_ENABLE_OBJC_ARC = YES;
				CLANG_WARN_BOOL_CONVERSION = YES;
				CLANG_WARN_CONSTANT_CONVERSION = YES;
				CLANG_WARN_DIRECT_OBJC_ISA_USAGE = YES_ERROR;
				CLANG_WARN_DOCUMENTATION_COMMENTS = YES;
				CLANG_WARN_EMPTY_BODY = YES;
				CLANG_WARN_ENUM_CONVERSION = YES;
				CLANG_WARN_INFINITE_RECURSION = YES;
				CLANG_WARN_INT_CONVERSION = YES;
				CLANG_WARN_OBJC_ROOT_CLASS = YES_ERROR;
				CLANG_WARN_SUSPICIOUS_MOVE = YES;
				CLANG_WARN_UNREACHABLE_CODE = YES;
				CLANG_WARN__DUPLICATE_METHOD_MATCH = YES;
				"CODE_SIGN_IDENTITY[sdk=iphoneos*]" = "iPhone Developer";
				COPY_PHASE_STRIP = NO;
				DEBUG_INFORMATION_FORMAT = "dwarf-with-dsym";
				ENABLE_NS_ASSERTIONS = NO;
				ENABLE_STRICT_OBJC_MSGSEND = YES;
				GCC_C_LANGUAGE_STANDARD = gnu99;
				GCC_NO_COMMON_BLOCKS = YES;
				GCC_WARN_64_TO_32_BIT_CONVERSION = YES;
				GCC_WARN_ABOUT_RETURN_TYPE = YES_ERROR;
				GCC_WARN_UNDECLARED_SELECTOR = YES;
				GCC_WARN_UNINITIALIZED_AUTOS = YES_AGGRESSIVE;
				GCC_WARN_UNUSED_FUNCTION = YES;
				GCC_WARN_UNUSED_VARIABLE = YES;
				IPHONEOS_DEPLOYMENT_TARGET = 10.2;
				MTL_ENABLE_DEBUG_INFO = NO;
				SDKROOT = iphoneos;
				SWIFT_OPTIMIZATION_LEVEL = "-Owholemodule";
				VALIDATE_PRODUCT = YES;
			};
			name = Release;
		};
		773A53941E1F241400EA4A0A /* Debug */ = {
			isa = XCBuildConfiguration;
			baseConfigurationReference = 5843E66C15C24FA1A31E2F1C /* Pods-JeopardyParse&Play.debug.xcconfig */;
			buildSettings = {
				ASSETCATALOG_COMPILER_APPICON_NAME = AppIcon;
				DEVELOPMENT_TEAM = 4QVR4U55S7;
				INFOPLIST_FILE = "JeopardyParse&Play/Info.plist";
				LD_RUNPATH_SEARCH_PATHS = "$(inherited) @executable_path/Frameworks";
				LIBRARY_SEARCH_PATHS = (
					"$(inherited)",
					"$(PROJECT_DIR)",
				);
				PRODUCT_BUNDLE_IDENTIFIER = "com.AshwinVivek.JeopardyParse-Play";
				PRODUCT_NAME = "$(TARGET_NAME)";
				SWIFT_VERSION = 3.0;
			};
			name = Debug;
		};
		773A53951E1F241400EA4A0A /* Release */ = {
			isa = XCBuildConfiguration;
			baseConfigurationReference = 3B5E48D7F52E0FE2667AE6CD /* Pods-JeopardyParse&Play.release.xcconfig */;
			buildSettings = {
				ASSETCATALOG_COMPILER_APPICON_NAME = AppIcon;
				DEVELOPMENT_TEAM = 4QVR4U55S7;
				INFOPLIST_FILE = "JeopardyParse&Play/Info.plist";
				LD_RUNPATH_SEARCH_PATHS = "$(inherited) @executable_path/Frameworks";
				LIBRARY_SEARCH_PATHS = (
					"$(inherited)",
					"$(PROJECT_DIR)",
				);
				PRODUCT_BUNDLE_IDENTIFIER = "com.AshwinVivek.JeopardyParse-Play";
				PRODUCT_NAME = "$(TARGET_NAME)";
				SWIFT_VERSION = 3.0;
			};
			name = Release;
		};
/* End XCBuildConfiguration section */

/* Begin XCConfigurationList section */
		773A537C1E1F241400EA4A0A /* Build configuration list for PBXProject "JeopardyParse&Play" */ = {
			isa = XCConfigurationList;
			buildConfigurations = (
				773A53911E1F241400EA4A0A /* Debug */,
				773A53921E1F241400EA4A0A /* Release */,
			);
			defaultConfigurationIsVisible = 0;
			defaultConfigurationName = Release;
		};
		773A53931E1F241400EA4A0A /* Build configuration list for PBXNativeTarget "JeopardyParse&Play" */ = {
			isa = XCConfigurationList;
			buildConfigurations = (
				773A53941E1F241400EA4A0A /* Debug */,
				773A53951E1F241400EA4A0A /* Release */,
			);
			defaultConfigurationIsVisible = 0;
			defaultConfigurationName = Release;
		};
/* End XCConfigurationList section */
	};
	rootObject = 773A53791E1F241400EA4A0A /* Project object */;
}
